
Microsoft Visual Studio Solution File, Format Version 12.00
# Visual Studio Version 17
VisualStudioVersion = 17.4.33103.184
MinimumVisualStudioVersion = 10.0.40219.1
Project("{FAE04EC0-301F-11D3-BF4B-00C04F79EFBC}") = "Backend", "Backend.csproj", "{9A180DA2-B959-4853-B5EC-C126029AB6FA}"
EndProject
Global
	GlobalSection(SolutionConfigurationPlatforms) = preSolution
		Debug|Any CPU = Debug|Any CPU
		Release|Any CPU = Release|Any CPU
	EndGlobalSection
	GlobalSection(ProjectConfigurationPlatforms) = postSolution
		{9A180DA2-B959-4853-B5EC-C126029AB6FA}.Debug|Any CPU.ActiveCfg = Debug|Any CPU
		{9A180DA2-B959-4853-B5EC-C126029AB6FA}.Debug|Any CPU.Build.0 = Debug|Any CPU
		{9A180DA2-B959-4853-B5EC-C126029AB6FA}.Release|Any CPU.ActiveCfg = Release|Any CPU
		{9A180DA2-B959-4853-B5EC-C126029AB6FA}.Release|Any CPU.Build.0 = Release|Any CPU
	EndGlobalSection
	GlobalSection(SolutionProperties) = preSolution
		HideSolutionNode = FALSE
	EndGlobalSection
	GlobalSection(ExtensibilityGlobals) = postSolution
		SolutionGuid = {C067149F-7C93-4AB2-A907-355920F19DAE}
	EndGlobalSection
EndGlobal
